
Microsoft Visual Studio Solution File, Format Version 12.00
# Visual Studio Version 17
VisualStudioVersion = 17.14.36705.20 d17.14
MinimumVisualStudioVersion = 10.0.40219.1
Project("{FAE04EC0-301F-11D3-BF4B-00C04F79EFBC}") = "ClinicManagement_proj", "ClinicManagement_proj\ClinicManagement_proj.csproj", "{BF169B0B-A809-4691-9EA4-C32651022A47}"
EndProject
Global
	GlobalSection(SolutionConfigurationPlatforms) = preSolution
		Debug|Any CPU = Debug|Any CPU
		Release|Any CPU = Release|Any CPU
	EndGlobalSection
	GlobalSection(ProjectConfigurationPlatforms) = postSolution
		{BF169B0B-A809-4691-9EA4-C32651022A47}.Debug|Any CPU.ActiveCfg = Debug|Any CPU
		{BF169B0B-A809-4691-9EA4-C32651022A47}.Debug|Any CPU.Build.0 = Debug|Any CPU
		{BF169B0B-A809-4691-9EA4-C32651022A47}.Release|Any CPU.ActiveCfg = Release|Any CPU
		{BF169B0B-A809-4691-9EA4-C32651022A47}.Release|Any CPU.Build.0 = Release|Any CPU
	EndGlobalSection
	GlobalSection(SolutionProperties) = preSolution
		HideSolutionNode = FALSE
	EndGlobalSection
	GlobalSection(ExtensibilityGlobals) = postSolution
		SolutionGuid = {7873403B-ACEB-48F5-B531-7296D64385E7}
	EndGlobalSection
EndGlobal
